
Microsoft Visual Studio Solution File, Format Version 12.00
# Visual Studio Version 17
VisualStudioVersion = 17.11.35327.3
MinimumVisualStudioVersion = 10.0.40219.1
Project("{FAE04EC0-301F-11D3-BF4B-00C04F79EFBC}") = "E-CommerceApp", "E-CommerceApp\E-CommerceApp.csproj", "{104CE35E-3B7B-4EE2-8AE5-4327F2F09F33}"
EndProject
Project("{FAE04EC0-301F-11D3-BF4B-00C04F79EFBC}") = "UserMicroService", "UserMicroService\UserMicroService.csproj", "{80DDF0BD-763A-4A22-B9DA-76ED0DD56EAE}"
EndProject
Project("{FAE04EC0-301F-11D3-BF4B-00C04F79EFBC}") = "UserMicroService.UnitTests", "UserMicroService.UnitTests\UserMicroService.UnitTests.csproj", "{7EFD3502-3D98-4B18-BF3F-0D0BC3CD8B3A}"
EndProject
Project("{FAE04EC0-301F-11D3-BF4B-00C04F79EFBC}") = "ProductsAPI", "ProductsAPI\ProductsAPI.csproj", "{F268F57B-F7DD-44A8-BC71-AB9AB46647EC}"
EndProject
Global
	GlobalSection(SolutionConfigurationPlatforms) = preSolution
		Debug|Any CPU = Debug|Any CPU
		Release|Any CPU = Release|Any CPU
	EndGlobalSection
	GlobalSection(ProjectConfigurationPlatforms) = postSolution
		{104CE35E-3B7B-4EE2-8AE5-4327F2F09F33}.Debug|Any CPU.ActiveCfg = Debug|Any CPU
		{104CE35E-3B7B-4EE2-8AE5-4327F2F09F33}.Debug|Any CPU.Build.0 = Debug|Any CPU
		{104CE35E-3B7B-4EE2-8AE5-4327F2F09F33}.Release|Any CPU.ActiveCfg = Release|Any CPU
		{104CE35E-3B7B-4EE2-8AE5-4327F2F09F33}.Release|Any CPU.Build.0 = Release|Any CPU
		{80DDF0BD-763A-4A22-B9DA-76ED0DD56EAE}.Debug|Any CPU.ActiveCfg = Debug|Any CPU
		{80DDF0BD-763A-4A22-B9DA-76ED0DD56EAE}.Debug|Any CPU.Build.0 = Debug|Any CPU
		{80DDF0BD-763A-4A22-B9DA-76ED0DD56EAE}.Release|Any CPU.ActiveCfg = Release|Any CPU
		{80DDF0BD-763A-4A22-B9DA-76ED0DD56EAE}.Release|Any CPU.Build.0 = Release|Any CPU
		{7EFD3502-3D98-4B18-BF3F-0D0BC3CD8B3A}.Debug|Any CPU.ActiveCfg = Debug|Any CPU
		{7EFD3502-3D98-4B18-BF3F-0D0BC3CD8B3A}.Debug|Any CPU.Build.0 = Debug|Any CPU
		{7EFD3502-3D98-4B18-BF3F-0D0BC3CD8B3A}.Release|Any CPU.ActiveCfg = Release|Any CPU
		{7EFD3502-3D98-4B18-BF3F-0D0BC3CD8B3A}.Release|Any CPU.Build.0 = Release|Any CPU
		{F268F57B-F7DD-44A8-BC71-AB9AB46647EC}.Debug|Any CPU.ActiveCfg = Debug|Any CPU
		{F268F57B-F7DD-44A8-BC71-AB9AB46647EC}.Debug|Any CPU.Build.0 = Debug|Any CPU
		{F268F57B-F7DD-44A8-BC71-AB9AB46647EC}.Release|Any CPU.ActiveCfg = Release|Any CPU
		{F268F57B-F7DD-44A8-BC71-AB9AB46647EC}.Release|Any CPU.Build.0 = Release|Any CPU
	EndGlobalSection
	GlobalSection(SolutionProperties) = preSolution
		HideSolutionNode = FALSE
	EndGlobalSection
	GlobalSection(ExtensibilityGlobals) = postSolution
		SolutionGuid = {CC843B5B-8E80-4DDB-80DD-66252AA7736E}
	EndGlobalSection
EndGlobal
